
Microsoft Visual Studio Solution File, Format Version 11.00
# Visual C# Express 2010
Project("{FAE04EC0-301F-11D3-BF4B-00C04F79EFBC}") = "GridBook.Test", "GridBook.Test\GridBook.Test.csproj", "{875ABAA9-EBBE-4482-995B-5CF19AD1BB74}"
EndProject
Project("{FAE04EC0-301F-11D3-BF4B-00C04F79EFBC}") = "GridBook.Console", "GridBook.Console\GridBook.Console.csproj", "{2963E945-A591-4708-A958-A28229382E3C}"
EndProject
Project("{FAE04EC0-301F-11D3-BF4B-00C04F79EFBC}") = "GridBook", "GridBook\GridBook.csproj", "{F61E4F89-4CA5-4560-BD60-68772F2C1B42}"
EndProject
Project("{FAE04EC0-301F-11D3-BF4B-00C04F79EFBC}") = "Sandbox", "Sandbox\Sandbox.csproj", "{F5BC3F7E-B18C-41CE-BC33-17EDD5CD9A81}"
EndProject
Global
	GlobalSection(SolutionConfigurationPlatforms) = preSolution
		Debug|Any CPU = Debug|Any CPU
		Release|Any CPU = Release|Any CPU
	EndGlobalSection
	GlobalSection(ProjectConfigurationPlatforms) = postSolution
		{875ABAA9-EBBE-4482-995B-5CF19AD1BB74}.Debug|Any CPU.ActiveCfg = Debug|Any CPU
		{875ABAA9-EBBE-4482-995B-5CF19AD1BB74}.Debug|Any CPU.Build.0 = Debug|Any CPU
		{875ABAA9-EBBE-4482-995B-5CF19AD1BB74}.Release|Any CPU.ActiveCfg = Release|Any CPU
		{875ABAA9-EBBE-4482-995B-5CF19AD1BB74}.Release|Any CPU.Build.0 = Release|Any CPU
		{2963E945-A591-4708-A958-A28229382E3C}.Debug|Any CPU.ActiveCfg = Debug|Any CPU
		{2963E945-A591-4708-A958-A28229382E3C}.Debug|Any CPU.Build.0 = Debug|Any CPU
		{2963E945-A591-4708-A958-A28229382E3C}.Release|Any CPU.ActiveCfg = Release|Any CPU
		{2963E945-A591-4708-A958-A28229382E3C}.Release|Any CPU.Build.0 = Release|Any CPU
		{F61E4F89-4CA5-4560-BD60-68772F2C1B42}.Debug|Any CPU.ActiveCfg = Debug|Any CPU
		{F61E4F89-4CA5-4560-BD60-68772F2C1B42}.Debug|Any CPU.Build.0 = Debug|Any CPU
		{F61E4F89-4CA5-4560-BD60-68772F2C1B42}.Release|Any CPU.ActiveCfg = Release|Any CPU
		{F61E4F89-4CA5-4560-BD60-68772F2C1B42}.Release|Any CPU.Build.0 = Release|Any CPU
		{F5BC3F7E-B18C-41CE-BC33-17EDD5CD9A81}.Debug|Any CPU.ActiveCfg = Debug|Any CPU
		{F5BC3F7E-B18C-41CE-BC33-17EDD5CD9A81}.Debug|Any CPU.Build.0 = Debug|Any CPU
		{F5BC3F7E-B18C-41CE-BC33-17EDD5CD9A81}.Release|Any CPU.ActiveCfg = Release|Any CPU
		{F5BC3F7E-B18C-41CE-BC33-17EDD5CD9A81}.Release|Any CPU.Build.0 = Release|Any CPU
	EndGlobalSection
	GlobalSection(SolutionProperties) = preSolution
		HideSolutionNode = FALSE
	EndGlobalSection
EndGlobal
