
Microsoft Visual Studio Solution File, Format Version 11.00
# Visual C# Express 2010
Project("{FAE04EC0-301F-11D3-BF4B-00C04F79EFBC}") = "GridBook.Test", "GridBook.Test\GridBook.Test.csproj", "{875ABAA9-EBBE-4482-995B-5CF19AD1BB74}"
EndProject
Project("{FAE04EC0-301F-11D3-BF4B-00C04F79EFBC}") = "GridBook.Domain", "GridBook.Domain\GridBook.Domain.csproj", "{F61E4F89-4CA5-4560-BD60-68772F2C1B42}"
EndProject
Project("{FAE04EC0-301F-11D3-BF4B-00C04F79EFBC}") = "GridBook.Console", "GridBook.Console\GridBook.Console.csproj", "{2963E945-A591-4708-A958-A28229382E3C}"
EndProject
Global
	GlobalSection(SolutionConfigurationPlatforms) = preSolution
		Debug|Any CPU = Debug|Any CPU
		Debug|Mixed Platforms = Debug|Mixed Platforms
		Debug|x86 = Debug|x86
		Release|Any CPU = Release|Any CPU
		Release|Mixed Platforms = Release|Mixed Platforms
		Release|x86 = Release|x86
	EndGlobalSection
	GlobalSection(ProjectConfigurationPlatforms) = postSolution
		{875ABAA9-EBBE-4482-995B-5CF19AD1BB74}.Debug|Any CPU.ActiveCfg = Debug|x86
		{875ABAA9-EBBE-4482-995B-5CF19AD1BB74}.Debug|Mixed Platforms.ActiveCfg = Debug|x86
		{875ABAA9-EBBE-4482-995B-5CF19AD1BB74}.Debug|Mixed Platforms.Build.0 = Debug|x86
		{875ABAA9-EBBE-4482-995B-5CF19AD1BB74}.Debug|x86.ActiveCfg = Debug|x86
		{875ABAA9-EBBE-4482-995B-5CF19AD1BB74}.Debug|x86.Build.0 = Debug|x86
		{875ABAA9-EBBE-4482-995B-5CF19AD1BB74}.Release|Any CPU.ActiveCfg = Release|x86
		{875ABAA9-EBBE-4482-995B-5CF19AD1BB74}.Release|Mixed Platforms.ActiveCfg = Release|x86
		{875ABAA9-EBBE-4482-995B-5CF19AD1BB74}.Release|Mixed Platforms.Build.0 = Release|x86
		{875ABAA9-EBBE-4482-995B-5CF19AD1BB74}.Release|x86.ActiveCfg = Release|x86
		{875ABAA9-EBBE-4482-995B-5CF19AD1BB74}.Release|x86.Build.0 = Release|x86
		{F61E4F89-4CA5-4560-BD60-68772F2C1B42}.Debug|Any CPU.ActiveCfg = Debug|Any CPU
		{F61E4F89-4CA5-4560-BD60-68772F2C1B42}.Debug|Any CPU.Build.0 = Debug|Any CPU
		{F61E4F89-4CA5-4560-BD60-68772F2C1B42}.Debug|Mixed Platforms.ActiveCfg = Debug|Any CPU
		{F61E4F89-4CA5-4560-BD60-68772F2C1B42}.Debug|Mixed Platforms.Build.0 = Debug|Any CPU
		{F61E4F89-4CA5-4560-BD60-68772F2C1B42}.Debug|x86.ActiveCfg = Debug|Any CPU
		{F61E4F89-4CA5-4560-BD60-68772F2C1B42}.Release|Any CPU.ActiveCfg = Release|Any CPU
		{F61E4F89-4CA5-4560-BD60-68772F2C1B42}.Release|Any CPU.Build.0 = Release|Any CPU
		{F61E4F89-4CA5-4560-BD60-68772F2C1B42}.Release|Mixed Platforms.ActiveCfg = Release|Any CPU
		{F61E4F89-4CA5-4560-BD60-68772F2C1B42}.Release|Mixed Platforms.Build.0 = Release|Any CPU
		{F61E4F89-4CA5-4560-BD60-68772F2C1B42}.Release|x86.ActiveCfg = Release|Any CPU
		{2963E945-A591-4708-A958-A28229382E3C}.Debug|Any CPU.ActiveCfg = Debug|x86
		{2963E945-A591-4708-A958-A28229382E3C}.Debug|Mixed Platforms.ActiveCfg = Debug|x86
		{2963E945-A591-4708-A958-A28229382E3C}.Debug|Mixed Platforms.Build.0 = Debug|x86
		{2963E945-A591-4708-A958-A28229382E3C}.Debug|x86.ActiveCfg = Debug|x86
		{2963E945-A591-4708-A958-A28229382E3C}.Debug|x86.Build.0 = Debug|x86
		{2963E945-A591-4708-A958-A28229382E3C}.Release|Any CPU.ActiveCfg = Release|x86
		{2963E945-A591-4708-A958-A28229382E3C}.Release|Mixed Platforms.ActiveCfg = Release|x86
		{2963E945-A591-4708-A958-A28229382E3C}.Release|Mixed Platforms.Build.0 = Release|x86
		{2963E945-A591-4708-A958-A28229382E3C}.Release|x86.ActiveCfg = Release|x86
		{2963E945-A591-4708-A958-A28229382E3C}.Release|x86.Build.0 = Release|x86
	EndGlobalSection
	GlobalSection(SolutionProperties) = preSolution
		HideSolutionNode = FALSE
	EndGlobalSection
EndGlobal
